// !$*UTF8*$!
{
	archiveVersion = 1;
	classes = {
	};
	objectVersion = 46;
	objects = {

/* Begin PBXBuildFile section */
		BEA1DDCF1BE31DB800E43A21 /* AppDelegate.swift in Sources */ = {isa = PBXBuildFile; fileRef = BEA1DDCE1BE31DB800E43A21 /* AppDelegate.swift */; };
		BEA1DDD11BE31DB800E43A21 /* MasterViewController.swift in Sources */ = {isa = PBXBuildFile; fileRef = BEA1DDD01BE31DB800E43A21 /* MasterViewController.swift */; };
		BEA1DDD61BE31DB800E43A21 /* Main.storyboard in Resources */ = {isa = PBXBuildFile; fileRef = BEA1DDD41BE31DB800E43A21 /* Main.storyboard */; };
		BEA1DDD81BE31DB800E43A21 /* Assets.xcassets in Resources */ = {isa = PBXBuildFile; fileRef = BEA1DDD71BE31DB800E43A21 /* Assets.xcassets */; };
		BEA1DDDB1BE31DB800E43A21 /* LaunchScreen.storyboard in Resources */ = {isa = PBXBuildFile; fileRef = BEA1DDD91BE31DB800E43A21 /* LaunchScreen.storyboard */; };
		BEA1DDE31BE31EF700E43A21 /* start.txt in Resources */ = {isa = PBXBuildFile; fileRef = BEA1DDE21BE31EF700E43A21 /* start.txt */; };
		BEA1DDE51BE3216C00E43A21 /* DetailViewController.swift in Sources */ = {isa = PBXBuildFile; fileRef = BEA1DDE41BE3216C00E43A21 /* DetailViewController.swift */; };
/* End PBXBuildFile section */

/* Begin PBXFileReference section */
		BEA1DDCB1BE31DB800E43A21 /* WordScramble.app */ = {isa = PBXFileReference; explicitFileType = wrapper.application; includeInIndex = 0; path = WordScramble.app; sourceTree = BUILT_PRODUCTS_DIR; };
		BEA1DDCE1BE31DB800E43A21 /* AppDelegate.swift */ = {isa = PBXFileReference; lastKnownFileType = sourcecode.swift; path = AppDelegate.swift; sourceTree = "<group>"; };
		BEA1DDD01BE31DB800E43A21 /* MasterViewController.swift */ = {isa = PBXFileReference; lastKnownFileType = sourcecode.swift; path = MasterViewController.swift; sourceTree = "<group>"; };
		BEA1DDD51BE31DB800E43A21 /* Base */ = {isa = PBXFileReference; lastKnownFileType = file.storyboard; name = Base; path = Base.lproj/Main.storyboard; sourceTree = "<group>"; };
		BEA1DDD71BE31DB800E43A21 /* Assets.xcassets */ = {isa = PBXFileReference; lastKnownFileType = folder.assetcatalog; path = Assets.xcassets; sourceTree = "<group>"; };
		BEA1DDDA1BE31DB800E43A21 /* Base */ = {isa = PBXFileReference; lastKnownFileType = file.storyboard; name = Base; path = Base.lproj/LaunchScreen.storyboard; sourceTree = "<group>"; };
		BEA1DDDC1BE31DB800E43A21 /* Info.plist */ = {isa = PBXFileReference; lastKnownFileType = text.plist.xml; path = Info.plist; sourceTree = "<group>"; };
		BEA1DDE21BE31EF700E43A21 /* start.txt */ = {isa = PBXFileReference; fileEncoding = 4; lastKnownFileType = text; path = start.txt; sourceTree = "<group>"; };
		BEA1DDE41BE3216C00E43A21 /* DetailViewController.swift */ = {isa = PBXFileReference; fileEncoding = 4; lastKnownFileType = sourcecode.swift; path = DetailViewController.swift; sourceTree = "<group>"; };
		BEA1DDE61BE322D700E43A21 /* LICENSE.md */ = {isa = PBXFileReference; fileEncoding = 4; lastKnownFileType = net.daringfireball.markdown; path = LICENSE.md; sourceTree = "<group>"; };
		BEA1DDE71BE322D700E43A21 /* README.md */ = {isa = PBXFileReference; fileEncoding = 4; lastKnownFileType = net.daringfireball.markdown; path = README.md; sourceTree = "<group>"; };
/* End PBXFileReference section */

/* Begin PBXFrameworksBuildPhase section */
		BEA1DDC81BE31DB800E43A21 /* Frameworks */ = {
			isa = PBXFrameworksBuildPhase;
			buildActionMask = 2147483647;
			files = (
			);
			runOnlyForDeploymentPostprocessing = 0;
		};
/* End PBXFrameworksBuildPhase section */

/* Begin PBXGroup section */
		BEA1DDC21BE31DB800E43A21 = {
			isa = PBXGroup;
			children = (
				BEA1DDE61BE322D700E43A21 /* LICENSE.md */,
				BEA1DDE71BE322D700E43A21 /* README.md */,
				BEA1DDCD1BE31DB800E43A21 /* WordScramble */,
				BEA1DDCC1BE31DB800E43A21 /* Products */,
			);
			sourceTree = "<group>";
		};
		BEA1DDCC1BE31DB800E43A21 /* Products */ = {
			isa = PBXGroup;
			children = (
				BEA1DDCB1BE31DB800E43A21 /* WordScramble.app */,
			);
			name = Products;
			sourceTree = "<group>";
		};
		BEA1DDCD1BE31DB800E43A21 /* WordScramble */ = {
			isa = PBXGroup;
			children = (
				BEA1DDE21BE31EF700E43A21 /* start.txt */,
				BEA1DDCE1BE31DB800E43A21 /* AppDelegate.swift */,
				BEA1DDE41BE3216C00E43A21 /* DetailViewController.swift */,
				BEA1DDD01BE31DB800E43A21 /* MasterViewController.swift */,
				BEA1DDD41BE31DB800E43A21 /* Main.storyboard */,
				BEA1DDD71BE31DB800E43A21 /* Assets.xcassets */,
				BEA1DDD91BE31DB800E43A21 /* LaunchScreen.storyboard */,
				BEA1DDDC1BE31DB800E43A21 /* Info.plist */,
			);
			path = WordScramble;
			sourceTree = "<group>";
		};
/* End PBXGroup section */

/* Begin PBXNativeTarget section */
		BEA1DDCA1BE31DB800E43A21 /* WordScramble */ = {
			isa = PBXNativeTarget;
			buildConfigurationList = BEA1DDDF1BE31DB800E43A21 /* Build configuration list for PBXNativeTarget "WordScramble" */;
			buildPhases = (
				BEA1DDC71BE31DB800E43A21 /* Sources */,
				BEA1DDC81BE31DB800E43A21 /* Frameworks */,
				BEA1DDC91BE31DB800E43A21 /* Resources */,
			);
			buildRules = (
			);
			dependencies = (
			);
			name = WordScramble;
			productName = WordScramble;
			productReference = BEA1DDCB1BE31DB800E43A21 /* WordScramble.app */;
			productType = "com.apple.product-type.application";
		};
/* End PBXNativeTarget section */

/* Begin PBXProject section */
		BEA1DDC31BE31DB800E43A21 /* Project object */ = {
			isa = PBXProject;
			attributes = {
				LastSwiftUpdateCheck = 0710;
				LastUpgradeCheck = 0710;
				ORGANIZATIONNAME = "Kenneth Wilcox";
				TargetAttributes = {
					BEA1DDCA1BE31DB800E43A21 = {
						CreatedOnToolsVersion = 7.1;
					};
				};
			};
			buildConfigurationList = BEA1DDC61BE31DB800E43A21 /* Build configuration list for PBXProject "WordScramble" */;
			compatibilityVersion = "Xcode 3.2";
			developmentRegion = English;
			hasScannedForEncodings = 0;
			knownRegions = (
				en,
				Base,
			);
			mainGroup = BEA1DDC21BE31DB800E43A21;
			productRefGroup = BEA1DDCC1BE31DB800E43A21 /* Products */;
			projectDirPath = "";
			projectRoot = "";
			targets = (
				BEA1DDCA1BE31DB800E43A21 /* WordScramble */,
			);
		};
/* End PBXProject section */

/* Begin PBXResourcesBuildPhase section */
		BEA1DDC91BE31DB800E43A21 /* Resources */ = {
			isa = PBXResourcesBuildPhase;
			buildActionMask = 2147483647;
			files = (
				BEA1DDDB1BE31DB800E43A21 /* LaunchScreen.storyboard in Resources */,
				BEA1DDE31BE31EF700E43A21 /* start.txt in Resources */,
				BEA1DDD81BE31DB800E43A21 /* Assets.xcassets in Resources */,
				BEA1DDD61BE31DB800E43A21 /* Main.storyboard in Resources */,
			);
			runOnlyForDeploymentPostprocessing = 0;
		};
/* End PBXResourcesBuildPhase section */

/* Begin PBXSourcesBuildPhase section */
		BEA1DDC71BE31DB800E43A21 /* Sources */ = {
			isa = PBXSourcesBuildPhase;
			buildActionMask = 2147483647;
			files = (
				BEA1DDE51BE3216C00E43A21 /* DetailViewController.swift in Sources */,
				BEA1DDD11BE31DB800E43A21 /* MasterViewController.swift in Sources */,
				BEA1DDCF1BE31DB800E43A21 /* AppDelegate.swift in Sources */,
			);
			runOnlyForDeploymentPostprocessing = 0;
		};
/* End PBXSourcesBuildPhase section */

/* Begin PBXVariantGroup section */
		BEA1DDD41BE31DB800E43A21 /* Main.storyboard */ = {
			isa = PBXVariantGroup;
			children = (
				BEA1DDD51BE31DB800E43A21 /* Base */,
			);
			name = Main.storyboard;
			sourceTree = "<group>";
		};
		BEA1DDD91BE31DB800E43A21 /* LaunchScreen.storyboard */ = {
			isa = PBXVariantGroup;
			children = (
				BEA1DDDA1BE31DB800E43A21 /* Base */,
			);
			name = LaunchScreen.storyboard;
			sourceTree = "<group>";
		};
/* End PBXVariantGroup section */

/* Begin XCBuildConfiguration section */
		BEA1DDDD1BE31DB800E43A21 /* Debug */ = {
			isa = XCBuildConfiguration;
			buildSettings = {
				ALWAYS_SEARCH_USER_PATHS = NO;
				CLANG_CXX_LANGUAGE_STANDARD = "gnu++0x";
				CLANG_CXX_LIBRARY = "libc++";
				CLANG_ENABLE_MODULES = YES;
				CLANG_ENABLE_OBJC_ARC = YES;
				CLANG_WARN_BOOL_CONVERSION = YES;
				CLANG_WARN_CONSTANT_CONVERSION = YES;
				CLANG_WARN_DIRECT_OBJC_ISA_USAGE = YES_ERROR;
				CLANG_WARN_EMPTY_BODY = YES;
				CLANG_WARN_ENUM_CONVERSION = YES;
				CLANG_WARN_INT_CONVERSION = YES;
				CLANG_WARN_OBJC_ROOT_CLASS = YES_ERROR;
				CLANG_WARN_UNREACHABLE_CODE = YES;
				CLANG_WARN__DUPLICATE_METHOD_MATCH = YES;
				"CODE_SIGN_IDENTITY[sdk=iphoneos*]" = "iPhone Developer";
				COPY_PHASE_STRIP = NO;
				DEBUG_INFORMATION_FORMAT = dwarf;
				ENABLE_STRICT_OBJC_MSGSEND = YES;
				ENABLE_TESTABILITY = YES;
				GCC_C_LANGUAGE_STANDARD = gnu99;
				GCC_DYNAMIC_NO_PIC = NO;
				GCC_NO_COMMON_BLOCKS = YES;
				GCC_OPTIMIZATION_LEVEL = 0;
				GCC_PREPROCESSOR_DEFINITIONS = (
					"DEBUG=1",
					"$(inherited)",
				);
				GCC_WARN_64_TO_32_BIT_CONVERSION = YES;
				GCC_WARN_ABOUT_RETURN_TYPE = YES_ERROR;
				GCC_WARN_UNDECLARED_SELECTOR = YES;
				GCC_WARN_UNINITIALIZED_AUTOS = YES_AGGRESSIVE;
				GCC_WARN_UNUSED_FUNCTION = YES;
				GCC_WARN_UNUSED_VARIABLE = YES;
				IPHONEOS_DEPLOYMENT_TARGET = 9.1;
				MTL_ENABLE_DEBUG_INFO = YES;
				ONLY_ACTIVE_ARCH = YES;
				SDKROOT = iphoneos;
				SWIFT_OPTIMIZATION_LEVEL = "-Onone";
				TARGETED_DEVICE_FAMILY = "1,2";
			};
			name = Debug;
		};
		BEA1DDDE1BE31DB800E43A21 /* Release */ = {
			isa = XCBuildConfiguration;
			buildSettings = {
				ALWAYS_SEARCH_USER_PATHS = NO;
				CLANG_CXX_LANGUAGE_STANDARD = "gnu++0x";
				CLANG_CXX_LIBRARY = "libc++";
				CLANG_ENABLE_MODULES = YES;
				CLANG_ENABLE_OBJC_ARC = YES;
				CLANG_WARN_BOOL_CONVERSION = YES;
				CLANG_WARN_CONSTANT_CONVERSION = YES;
				CLANG_WARN_DIRECT_OBJC_ISA_USAGE = YES_ERROR;
				CLANG_WARN_EMPTY_BODY = YES;
				CLANG_WARN_ENUM_CONVERSION = YES;
				CLANG_WARN_INT_CONVERSION = YES;
				CLANG_WARN_OBJC_ROOT_CLASS = YES_ERROR;
				CLANG_WARN_UNREACHABLE_CODE = YES;
				CLANG_WARN__DUPLICATE_METHOD_MATCH = YES;
				"CODE_SIGN_IDENTITY[sdk=iphoneos*]" = "iPhone Developer";
				COPY_PHASE_STRIP = NO;
				DEBUG_INFORMATION_FORMAT = "dwarf-with-dsym";
				ENABLE_NS_ASSERTIONS = NO;
				ENABLE_STRICT_OBJC_MSGSEND = YES;
				GCC_C_LANGUAGE_STANDARD = gnu99;
				GCC_NO_COMMON_BLOCKS = YES;
				GCC_WARN_64_TO_32_BIT_CONVERSION = YES;
				GCC_WARN_ABOUT_RETURN_TYPE = YES_ERROR;
				GCC_WARN_UNDECLARED_SELECTOR = YES;
				GCC_WARN_UNINITIALIZED_AUTOS = YES_AGGRESSIVE;
				GCC_WARN_UNUSED_FUNCTION = YES;
				GCC_WARN_UNUSED_VARIABLE = YES;
				IPHONEOS_DEPLOYMENT_TARGET = 9.1;
				MTL_ENABLE_DEBUG_INFO = NO;
				SDKROOT = iphoneos;
				TARGETED_DEVICE_FAMILY = "1,2";
				VALIDATE_PRODUCT = YES;
			};
			name = Release;
		};
		BEA1DDE01BE31DB800E43A21 /* Debug */ = {
			isa = XCBuildConfiguration;
			buildSettings = {
				ASSETCATALOG_COMPILER_APPICON_NAME = AppIcon;
				INFOPLIST_FILE = WordScramble/Info.plist;
				LD_RUNPATH_SEARCH_PATHS = "$(inherited) @executable_path/Frameworks";
				PRODUCT_BUNDLE_IDENTIFIER = com.k3nx.WordScramble;
				PRODUCT_NAME = "$(TARGET_NAME)";
			};
			name = Debug;
		};
		BEA1DDE11BE31DB800E43A21 /* Release */ = {
			isa = XCBuildConfiguration;
			buildSettings = {
				ASSETCATALOG_COMPILER_APPICON_NAME = AppIcon;
				INFOPLIST_FILE = WordScramble/Info.plist;
				LD_RUNPATH_SEARCH_PATHS = "$(inherited) @executable_path/Frameworks";
				PRODUCT_BUNDLE_IDENTIFIER = com.k3nx.WordScramble;
				PRODUCT_NAME = "$(TARGET_NAME)";
			};
			name = Release;
		};
/* End XCBuildConfiguration section */

/* Begin XCConfigurationList section */
		BEA1DDC61BE31DB800E43A21 /* Build configuration list for PBXProject "WordScramble" */ = {
			isa = XCConfigurationList;
			buildConfigurations = (
				BEA1DDDD1BE31DB800E43A21 /* Debug */,
				BEA1DDDE1BE31DB800E43A21 /* Release */,
			);
			defaultConfigurationIsVisible = 0;
			defaultConfigurationName = Release;
		};
		BEA1DDDF1BE31DB800E43A21 /* Build configuration list for PBXNativeTarget "WordScramble" */ = {
			isa = XCConfigurationList;
			buildConfigurations = (
				BEA1DDE01BE31DB800E43A21 /* Debug */,
				BEA1DDE11BE31DB800E43A21 /* Release */,
			);
			defaultConfigurationIsVisible = 0;
		};
/* End XCConfigurationList section */
	};
	rootObject = BEA1DDC31BE31DB800E43A21 /* Project object */;
}
